
Microsoft Visual Studio Solution File, Format Version 12.00
# Visual Studio Version 17
VisualStudioVersion = 17.14.36414.22 d17.14
MinimumVisualStudioVersion = 10.0.40219.1
Project("{FAE04EC0-301F-11D3-BF4B-00C04F79EFBC}") = "QueTalMiAFPAoTAPI", "QueTalMiAFPAoTAPI\QueTalMiAFPAoTAPI.csproj", "{60C3402D-A2A8-41CE-82C1-B0827764E565}"
EndProject
Global
	GlobalSection(SolutionConfigurationPlatforms) = preSolution
		Debug|Any CPU = Debug|Any CPU
		Release|Any CPU = Release|Any CPU
	EndGlobalSection
	GlobalSection(ProjectConfigurationPlatforms) = postSolution
		{60C3402D-A2A8-41CE-82C1-B0827764E565}.Debug|Any CPU.ActiveCfg = Debug|Any CPU
		{60C3402D-A2A8-41CE-82C1-B0827764E565}.Debug|Any CPU.Build.0 = Debug|Any CPU
		{60C3402D-A2A8-41CE-82C1-B0827764E565}.Release|Any CPU.ActiveCfg = Release|Any CPU
		{60C3402D-A2A8-41CE-82C1-B0827764E565}.Release|Any CPU.Build.0 = Release|Any CPU
	EndGlobalSection
	GlobalSection(SolutionProperties) = preSolution
		HideSolutionNode = FALSE
	EndGlobalSection
	GlobalSection(ExtensibilityGlobals) = postSolution
		SolutionGuid = {C32C00CE-9CE9-434A-9CC2-197D4AE0A05A}
	EndGlobalSection
EndGlobal
